
Microsoft Visual Studio Solution File, Format Version 12.00
Project("{FAE04EC0-301F-11D3-BF4B-00C04F79EFBC}") = "contadordedigtos", "contadordedigtos\contadordedigtos.csproj", "{33C6913C-22CB-4FE0-81B0-1735E31DB8DA}"
EndProject
Global
	GlobalSection(SolutionConfigurationPlatforms) = preSolution
		Debug|Any CPU = Debug|Any CPU
		Release|Any CPU = Release|Any CPU
	EndGlobalSection
	GlobalSection(ProjectConfigurationPlatforms) = postSolution
		{33C6913C-22CB-4FE0-81B0-1735E31DB8DA}.Debug|Any CPU.ActiveCfg = Debug|Any CPU
		{33C6913C-22CB-4FE0-81B0-1735E31DB8DA}.Debug|Any CPU.Build.0 = Debug|Any CPU
		{33C6913C-22CB-4FE0-81B0-1735E31DB8DA}.Release|Any CPU.ActiveCfg = Release|Any CPU
		{33C6913C-22CB-4FE0-81B0-1735E31DB8DA}.Release|Any CPU.Build.0 = Release|Any CPU
	EndGlobalSection
EndGlobal
