
Microsoft Visual Studio Solution File, Format Version 12.00
Project("{FAE04EC0-301F-11D3-BF4B-00C04F79EFBC}") = "progr", "progr\progr.csproj", "{5D1BE08E-D8D0-4AC0-8D44-0C430C751B07}"
EndProject
Global
	GlobalSection(SolutionConfigurationPlatforms) = preSolution
		Debug|Any CPU = Debug|Any CPU
		Release|Any CPU = Release|Any CPU
	EndGlobalSection
	GlobalSection(ProjectConfigurationPlatforms) = postSolution
		{5D1BE08E-D8D0-4AC0-8D44-0C430C751B07}.Debug|Any CPU.ActiveCfg = Debug|Any CPU
		{5D1BE08E-D8D0-4AC0-8D44-0C430C751B07}.Debug|Any CPU.Build.0 = Debug|Any CPU
		{5D1BE08E-D8D0-4AC0-8D44-0C430C751B07}.Release|Any CPU.ActiveCfg = Release|Any CPU
		{5D1BE08E-D8D0-4AC0-8D44-0C430C751B07}.Release|Any CPU.Build.0 = Release|Any CPU
	EndGlobalSection
EndGlobal
